
Microsoft Visual Studio Solution File, Format Version 12.00
# Visual Studio 15
VisualStudioVersion = 15.0.28307.1062
MinimumVisualStudioVersion = 10.0.40219.1
Project("{FAE04EC0-301F-11D3-BF4B-00C04F79EFBC}") = "DataBaseFirst", "DataBaseFirst\DataBaseFirst.csproj", "{63D651D3-0F69-42B4-A303-CF1FFC09CCFD}"
EndProject
Global
	GlobalSection(SolutionConfigurationPlatforms) = preSolution
		Debug|Any CPU = Debug|Any CPU
		Release|Any CPU = Release|Any CPU
	EndGlobalSection
	GlobalSection(ProjectConfigurationPlatforms) = postSolution
		{63D651D3-0F69-42B4-A303-CF1FFC09CCFD}.Debug|Any CPU.ActiveCfg = Debug|Any CPU
		{63D651D3-0F69-42B4-A303-CF1FFC09CCFD}.Debug|Any CPU.Build.0 = Debug|Any CPU
		{63D651D3-0F69-42B4-A303-CF1FFC09CCFD}.Release|Any CPU.ActiveCfg = Release|Any CPU
		{63D651D3-0F69-42B4-A303-CF1FFC09CCFD}.Release|Any CPU.Build.0 = Release|Any CPU
	EndGlobalSection
	GlobalSection(SolutionProperties) = preSolution
		HideSolutionNode = FALSE
	EndGlobalSection
	GlobalSection(ExtensibilityGlobals) = postSolution
		SolutionGuid = {00AEDE72-520E-4414-8CA6-DAAA953A639B}
	EndGlobalSection
EndGlobal
